
Microsoft Visual Studio Solution File, Format Version 12.00
# Visual Studio Version 16
VisualStudioVersion = 16.0.31911.196
MinimumVisualStudioVersion = 10.0.40219.1
Project("{9A19103F-16F7-4668-BE54-9A1E7A4F7556}") = "Ders01Degiskenler", "Ders01Degiskenler\Ders01Degiskenler.csproj", "{42FCF2B4-9D9A-4808-9B4F-248793AB1E48}"
EndProject
Project("{9A19103F-16F7-4668-BE54-9A1E7A4F7556}") = "Ders02Diziler", "Ders02Diziler\Ders02Diziler.csproj", "{8FD37B34-FC01-4D6D-AE02-D1E06432E3A1}"
EndProject
Project("{9A19103F-16F7-4668-BE54-9A1E7A4F7556}") = "Ders03TipDonusumleri", "Ders03TipDonusumleri\Ders03TipDonusumleri.csproj", "{F0DCA247-CC0B-4B57-A48E-83A583AA1368}"
EndProject
Project("{9A19103F-16F7-4668-BE54-9A1E7A4F7556}") = "Ders04Operatorler", "Ders04Operatorler\Ders04Operatorler.csproj", "{A561EC5A-EDF0-4E0A-9D3A-DC58923BDD22}"
EndProject
Project("{9A19103F-16F7-4668-BE54-9A1E7A4F7556}") = "Ders05KosulYapilari", "Ders05KosulYapilari\Ders05KosulYapilari.csproj", "{A9470401-F5B3-4DBD-B4C8-3E2C709987FD}"
EndProject
Project("{9A19103F-16F7-4668-BE54-9A1E7A4F7556}") = "Ders06Donguler", "Ders06Donguler\Ders06Donguler.csproj", "{591AF85F-16A8-417A-8617-A69633947058}"
EndProject
Project("{9A19103F-16F7-4668-BE54-9A1E7A4F7556}") = "Ders07Metotlar", "Ders07Metotlar\Ders07Metotlar.csproj", "{13D894B8-AD1A-4875-93F5-68D2A3A01641}"
EndProject
Project("{9A19103F-16F7-4668-BE54-9A1E7A4F7556}") = "Ders08SiniflarClasses", "Ders08SiniflarClasses\Ders08SiniflarClasses.csproj", "{847E7275-8868-4B63-9F17-718999F71890}"
EndProject
Project("{FAE04EC0-301F-11D3-BF4B-00C04F79EFBC}") = "Ders09ErisimBelirleyiciler", "Ders09ErisimBelirleyiciler\Ders09ErisimBelirleyiciler.csproj", "{C2ADB8B6-DE64-4714-A1A4-83D3A125D13D}"
EndProject
Project("{FAE04EC0-301F-11D3-BF4B-00C04F79EFBC}") = "Ders10OzgenlerProperties", "Ders10OzgenlerProperties\Ders10OzgenlerProperties.csproj", "{EACB37E1-A3E6-436F-AD65-742F7BA259D4}"
EndProject
Global
	GlobalSection(SolutionConfigurationPlatforms) = preSolution
		Debug|Any CPU = Debug|Any CPU
		Release|Any CPU = Release|Any CPU
	EndGlobalSection
	GlobalSection(ProjectConfigurationPlatforms) = postSolution
		{42FCF2B4-9D9A-4808-9B4F-248793AB1E48}.Debug|Any CPU.ActiveCfg = Debug|Any CPU
		{42FCF2B4-9D9A-4808-9B4F-248793AB1E48}.Debug|Any CPU.Build.0 = Debug|Any CPU
		{42FCF2B4-9D9A-4808-9B4F-248793AB1E48}.Release|Any CPU.ActiveCfg = Release|Any CPU
		{42FCF2B4-9D9A-4808-9B4F-248793AB1E48}.Release|Any CPU.Build.0 = Release|Any CPU
		{8FD37B34-FC01-4D6D-AE02-D1E06432E3A1}.Debug|Any CPU.ActiveCfg = Debug|Any CPU
		{8FD37B34-FC01-4D6D-AE02-D1E06432E3A1}.Debug|Any CPU.Build.0 = Debug|Any CPU
		{8FD37B34-FC01-4D6D-AE02-D1E06432E3A1}.Release|Any CPU.ActiveCfg = Release|Any CPU
		{8FD37B34-FC01-4D6D-AE02-D1E06432E3A1}.Release|Any CPU.Build.0 = Release|Any CPU
		{F0DCA247-CC0B-4B57-A48E-83A583AA1368}.Debug|Any CPU.ActiveCfg = Debug|Any CPU
		{F0DCA247-CC0B-4B57-A48E-83A583AA1368}.Debug|Any CPU.Build.0 = Debug|Any CPU
		{F0DCA247-CC0B-4B57-A48E-83A583AA1368}.Release|Any CPU.ActiveCfg = Release|Any CPU
		{F0DCA247-CC0B-4B57-A48E-83A583AA1368}.Release|Any CPU.Build.0 = Release|Any CPU
		{A561EC5A-EDF0-4E0A-9D3A-DC58923BDD22}.Debug|Any CPU.ActiveCfg = Debug|Any CPU
		{A561EC5A-EDF0-4E0A-9D3A-DC58923BDD22}.Debug|Any CPU.Build.0 = Debug|Any CPU
		{A561EC5A-EDF0-4E0A-9D3A-DC58923BDD22}.Release|Any CPU.ActiveCfg = Release|Any CPU
		{A561EC5A-EDF0-4E0A-9D3A-DC58923BDD22}.Release|Any CPU.Build.0 = Release|Any CPU
		{A9470401-F5B3-4DBD-B4C8-3E2C709987FD}.Debug|Any CPU.ActiveCfg = Debug|Any CPU
		{A9470401-F5B3-4DBD-B4C8-3E2C709987FD}.Debug|Any CPU.Build.0 = Debug|Any CPU
		{A9470401-F5B3-4DBD-B4C8-3E2C709987FD}.Release|Any CPU.ActiveCfg = Release|Any CPU
		{A9470401-F5B3-4DBD-B4C8-3E2C709987FD}.Release|Any CPU.Build.0 = Release|Any CPU
		{591AF85F-16A8-417A-8617-A69633947058}.Debug|Any CPU.ActiveCfg = Debug|Any CPU
		{591AF85F-16A8-417A-8617-A69633947058}.Debug|Any CPU.Build.0 = Debug|Any CPU
		{591AF85F-16A8-417A-8617-A69633947058}.Release|Any CPU.ActiveCfg = Release|Any CPU
		{591AF85F-16A8-417A-8617-A69633947058}.Release|Any CPU.Build.0 = Release|Any CPU
		{13D894B8-AD1A-4875-93F5-68D2A3A01641}.Debug|Any CPU.ActiveCfg = Debug|Any CPU
		{13D894B8-AD1A-4875-93F5-68D2A3A01641}.Debug|Any CPU.Build.0 = Debug|Any CPU
		{13D894B8-AD1A-4875-93F5-68D2A3A01641}.Release|Any CPU.ActiveCfg = Release|Any CPU
		{13D894B8-AD1A-4875-93F5-68D2A3A01641}.Release|Any CPU.Build.0 = Release|Any CPU
		{847E7275-8868-4B63-9F17-718999F71890}.Debug|Any CPU.ActiveCfg = Debug|Any CPU
		{847E7275-8868-4B63-9F17-718999F71890}.Debug|Any CPU.Build.0 = Debug|Any CPU
		{847E7275-8868-4B63-9F17-718999F71890}.Release|Any CPU.ActiveCfg = Release|Any CPU
		{847E7275-8868-4B63-9F17-718999F71890}.Release|Any CPU.Build.0 = Release|Any CPU
		{C2ADB8B6-DE64-4714-A1A4-83D3A125D13D}.Debug|Any CPU.ActiveCfg = Debug|Any CPU
		{C2ADB8B6-DE64-4714-A1A4-83D3A125D13D}.Debug|Any CPU.Build.0 = Debug|Any CPU
		{C2ADB8B6-DE64-4714-A1A4-83D3A125D13D}.Release|Any CPU.ActiveCfg = Release|Any CPU
		{C2ADB8B6-DE64-4714-A1A4-83D3A125D13D}.Release|Any CPU.Build.0 = Release|Any CPU
		{EACB37E1-A3E6-436F-AD65-742F7BA259D4}.Debug|Any CPU.ActiveCfg = Debug|Any CPU
		{EACB37E1-A3E6-436F-AD65-742F7BA259D4}.Debug|Any CPU.Build.0 = Debug|Any CPU
		{EACB37E1-A3E6-436F-AD65-742F7BA259D4}.Release|Any CPU.ActiveCfg = Release|Any CPU
		{EACB37E1-A3E6-436F-AD65-742F7BA259D4}.Release|Any CPU.Build.0 = Release|Any CPU
	EndGlobalSection
	GlobalSection(SolutionProperties) = preSolution
		HideSolutionNode = FALSE
	EndGlobalSection
	GlobalSection(ExtensibilityGlobals) = postSolution
		SolutionGuid = {D6DFF073-A0CD-4468-9DDE-EAC866D33750}
	EndGlobalSection
EndGlobal
